
Microsoft Visual Studio Solution File, Format Version 12.00
# Visual Studio Version 16
VisualStudioVersion = 16.6.30114.105
MinimumVisualStudioVersion = 10.0.40219.1
Project("{2150E333-8FDC-42A3-9474-1A3956D46DE8}") = "src", "src", "{1636E410-4438-4439-996B-BFA5968DA379}"
EndProject
Project("{2150E333-8FDC-42A3-9474-1A3956D46DE8}") = "3-Domain", "3-Domain", "{C71462F6-4BCB-4AC0-919D-63A50F1112CE}"
EndProject
Project("{FAE04EC0-301F-11D3-BF4B-00C04F79EFBC}") = "FARO.Manager3d.Domain", "src\3-Domain\FARO.Manager3d.Domain\FARO.Manager3d.Domain.csproj", "{C6F71717-AC95-452B-A395-3EC138E53E52}"
EndProject
Project("{2150E333-8FDC-42A3-9474-1A3956D46DE8}") = "4-Data", "4-Data", "{214AB65B-59D7-4144-9079-449464DE7C2B}"
EndProject
Project("{FAE04EC0-301F-11D3-BF4B-00C04F79EFBC}") = "FARO.Manager3d.Data", "src\4-Data\FARO.Manager3d.Data\FARO.Manager3d.Data.csproj", "{54A18B5D-31A1-4872-8691-4926BFAF1FB0}"
EndProject
Project("{2150E333-8FDC-42A3-9474-1A3956D46DE8}") = "5-Cross", "5-Cross", "{ABC1754A-1F67-4AB3-991F-C2621033BE70}"
EndProject
Project("{FAE04EC0-301F-11D3-BF4B-00C04F79EFBC}") = "FARO.Manager3d.CrossCutting", "src\5-Cross\FARO.Manager3d.CrossCutting\FARO.Manager3d.CrossCutting.csproj", "{279FCE11-39C7-48F7-8040-A4679C9E9A19}"
EndProject
Project("{2150E333-8FDC-42A3-9474-1A3956D46DE8}") = "2-Application", "2-Application", "{F08EC31F-893C-429F-97CC-B83A62E4CF96}"
EndProject
Project("{FAE04EC0-301F-11D3-BF4B-00C04F79EFBC}") = "FARO.Manager3d.Application", "src\2-Application\FARO.Manager3d.Application\FARO.Manager3d.Application.csproj", "{1E0552EA-71C7-4321-8349-6527F7B36B48}"
EndProject
Project("{2150E333-8FDC-42A3-9474-1A3956D46DE8}") = "1-Presentation", "1-Presentation", "{A956B83E-AD3B-4C7E-89B4-EC0B42D303D6}"
EndProject
Project("{FAE04EC0-301F-11D3-BF4B-00C04F79EFBC}") = "FARO.Manager3d.Presentation", "src\1-Presentation\FARO.Manager3d.Presentation\FARO.Manager3d.Presentation.csproj", "{6FDAE392-321E-41C1-A020-3D708FA5E064}"
EndProject
Project("{2150E333-8FDC-42A3-9474-1A3956D46DE8}") = "test", "test", "{715DECC2-9326-4530-AFA6-284DCD513300}"
EndProject
Project("{FAE04EC0-301F-11D3-BF4B-00C04F79EFBC}") = "FARO.Manager3d.Test", "test\FARO.Manager3d.Test\FARO.Manager3d.Test.csproj", "{F1988A9E-FC45-4B5E-B91B-C21B3296C941}"
EndProject
Global
	GlobalSection(SolutionConfigurationPlatforms) = preSolution
		Debug|Any CPU = Debug|Any CPU
		Debug|x64 = Debug|x64
		Debug|x86 = Debug|x86
		Release|Any CPU = Release|Any CPU
		Release|x64 = Release|x64
		Release|x86 = Release|x86
	EndGlobalSection
	GlobalSection(SolutionProperties) = preSolution
		HideSolutionNode = FALSE
	EndGlobalSection
	GlobalSection(ProjectConfigurationPlatforms) = postSolution
		{C6F71717-AC95-452B-A395-3EC138E53E52}.Debug|Any CPU.ActiveCfg = Debug|Any CPU
		{C6F71717-AC95-452B-A395-3EC138E53E52}.Debug|Any CPU.Build.0 = Debug|Any CPU
		{C6F71717-AC95-452B-A395-3EC138E53E52}.Debug|x64.ActiveCfg = Debug|Any CPU
		{C6F71717-AC95-452B-A395-3EC138E53E52}.Debug|x64.Build.0 = Debug|Any CPU
		{C6F71717-AC95-452B-A395-3EC138E53E52}.Debug|x86.ActiveCfg = Debug|Any CPU
		{C6F71717-AC95-452B-A395-3EC138E53E52}.Debug|x86.Build.0 = Debug|Any CPU
		{C6F71717-AC95-452B-A395-3EC138E53E52}.Release|Any CPU.ActiveCfg = Release|Any CPU
		{C6F71717-AC95-452B-A395-3EC138E53E52}.Release|Any CPU.Build.0 = Release|Any CPU
		{C6F71717-AC95-452B-A395-3EC138E53E52}.Release|x64.ActiveCfg = Release|Any CPU
		{C6F71717-AC95-452B-A395-3EC138E53E52}.Release|x64.Build.0 = Release|Any CPU
		{C6F71717-AC95-452B-A395-3EC138E53E52}.Release|x86.ActiveCfg = Release|Any CPU
		{C6F71717-AC95-452B-A395-3EC138E53E52}.Release|x86.Build.0 = Release|Any CPU
		{54A18B5D-31A1-4872-8691-4926BFAF1FB0}.Debug|Any CPU.ActiveCfg = Debug|Any CPU
		{54A18B5D-31A1-4872-8691-4926BFAF1FB0}.Debug|Any CPU.Build.0 = Debug|Any CPU
		{54A18B5D-31A1-4872-8691-4926BFAF1FB0}.Debug|x64.ActiveCfg = Debug|Any CPU
		{54A18B5D-31A1-4872-8691-4926BFAF1FB0}.Debug|x64.Build.0 = Debug|Any CPU
		{54A18B5D-31A1-4872-8691-4926BFAF1FB0}.Debug|x86.ActiveCfg = Debug|Any CPU
		{54A18B5D-31A1-4872-8691-4926BFAF1FB0}.Debug|x86.Build.0 = Debug|Any CPU
		{54A18B5D-31A1-4872-8691-4926BFAF1FB0}.Release|Any CPU.ActiveCfg = Release|Any CPU
		{54A18B5D-31A1-4872-8691-4926BFAF1FB0}.Release|Any CPU.Build.0 = Release|Any CPU
		{54A18B5D-31A1-4872-8691-4926BFAF1FB0}.Release|x64.ActiveCfg = Release|Any CPU
		{54A18B5D-31A1-4872-8691-4926BFAF1FB0}.Release|x64.Build.0 = Release|Any CPU
		{54A18B5D-31A1-4872-8691-4926BFAF1FB0}.Release|x86.ActiveCfg = Release|Any CPU
		{54A18B5D-31A1-4872-8691-4926BFAF1FB0}.Release|x86.Build.0 = Release|Any CPU
		{8826911D-6FAF-41E7-888D-08E8868AE030}.Debug|Any CPU.ActiveCfg = Debug|Any CPU
		{8826911D-6FAF-41E7-888D-08E8868AE030}.Debug|Any CPU.Build.0 = Debug|Any CPU
		{8826911D-6FAF-41E7-888D-08E8868AE030}.Debug|x64.ActiveCfg = Debug|Any CPU
		{8826911D-6FAF-41E7-888D-08E8868AE030}.Debug|x64.Build.0 = Debug|Any CPU
		{8826911D-6FAF-41E7-888D-08E8868AE030}.Debug|x86.ActiveCfg = Debug|Any CPU
		{8826911D-6FAF-41E7-888D-08E8868AE030}.Debug|x86.Build.0 = Debug|Any CPU
		{8826911D-6FAF-41E7-888D-08E8868AE030}.Release|Any CPU.ActiveCfg = Release|Any CPU
		{8826911D-6FAF-41E7-888D-08E8868AE030}.Release|Any CPU.Build.0 = Release|Any CPU
		{8826911D-6FAF-41E7-888D-08E8868AE030}.Release|x64.ActiveCfg = Release|Any CPU
		{8826911D-6FAF-41E7-888D-08E8868AE030}.Release|x64.Build.0 = Release|Any CPU
		{8826911D-6FAF-41E7-888D-08E8868AE030}.Release|x86.ActiveCfg = Release|Any CPU
		{8826911D-6FAF-41E7-888D-08E8868AE030}.Release|x86.Build.0 = Release|Any CPU
		{279FCE11-39C7-48F7-8040-A4679C9E9A19}.Debug|Any CPU.ActiveCfg = Debug|Any CPU
		{279FCE11-39C7-48F7-8040-A4679C9E9A19}.Debug|Any CPU.Build.0 = Debug|Any CPU
		{279FCE11-39C7-48F7-8040-A4679C9E9A19}.Debug|x64.ActiveCfg = Debug|Any CPU
		{279FCE11-39C7-48F7-8040-A4679C9E9A19}.Debug|x64.Build.0 = Debug|Any CPU
		{279FCE11-39C7-48F7-8040-A4679C9E9A19}.Debug|x86.ActiveCfg = Debug|Any CPU
		{279FCE11-39C7-48F7-8040-A4679C9E9A19}.Debug|x86.Build.0 = Debug|Any CPU
		{279FCE11-39C7-48F7-8040-A4679C9E9A19}.Release|Any CPU.ActiveCfg = Release|Any CPU
		{279FCE11-39C7-48F7-8040-A4679C9E9A19}.Release|Any CPU.Build.0 = Release|Any CPU
		{279FCE11-39C7-48F7-8040-A4679C9E9A19}.Release|x64.ActiveCfg = Release|Any CPU
		{279FCE11-39C7-48F7-8040-A4679C9E9A19}.Release|x64.Build.0 = Release|Any CPU
		{279FCE11-39C7-48F7-8040-A4679C9E9A19}.Release|x86.ActiveCfg = Release|Any CPU
		{279FCE11-39C7-48F7-8040-A4679C9E9A19}.Release|x86.Build.0 = Release|Any CPU
		{1E0552EA-71C7-4321-8349-6527F7B36B48}.Debug|Any CPU.ActiveCfg = Debug|Any CPU
		{1E0552EA-71C7-4321-8349-6527F7B36B48}.Debug|Any CPU.Build.0 = Debug|Any CPU
		{1E0552EA-71C7-4321-8349-6527F7B36B48}.Debug|x64.ActiveCfg = Debug|Any CPU
		{1E0552EA-71C7-4321-8349-6527F7B36B48}.Debug|x64.Build.0 = Debug|Any CPU
		{1E0552EA-71C7-4321-8349-6527F7B36B48}.Debug|x86.ActiveCfg = Debug|Any CPU
		{1E0552EA-71C7-4321-8349-6527F7B36B48}.Debug|x86.Build.0 = Debug|Any CPU
		{1E0552EA-71C7-4321-8349-6527F7B36B48}.Release|Any CPU.ActiveCfg = Release|Any CPU
		{1E0552EA-71C7-4321-8349-6527F7B36B48}.Release|Any CPU.Build.0 = Release|Any CPU
		{1E0552EA-71C7-4321-8349-6527F7B36B48}.Release|x64.ActiveCfg = Release|Any CPU
		{1E0552EA-71C7-4321-8349-6527F7B36B48}.Release|x64.Build.0 = Release|Any CPU
		{1E0552EA-71C7-4321-8349-6527F7B36B48}.Release|x86.ActiveCfg = Release|Any CPU
		{1E0552EA-71C7-4321-8349-6527F7B36B48}.Release|x86.Build.0 = Release|Any CPU
		{2BC80EB3-E046-4F6E-8DF6-DB38D051564A}.Debug|Any CPU.ActiveCfg = Debug|Any CPU
		{2BC80EB3-E046-4F6E-8DF6-DB38D051564A}.Debug|Any CPU.Build.0 = Debug|Any CPU
		{2BC80EB3-E046-4F6E-8DF6-DB38D051564A}.Debug|x64.ActiveCfg = Debug|Any CPU
		{2BC80EB3-E046-4F6E-8DF6-DB38D051564A}.Debug|x64.Build.0 = Debug|Any CPU
		{2BC80EB3-E046-4F6E-8DF6-DB38D051564A}.Debug|x86.ActiveCfg = Debug|Any CPU
		{2BC80EB3-E046-4F6E-8DF6-DB38D051564A}.Debug|x86.Build.0 = Debug|Any CPU
		{2BC80EB3-E046-4F6E-8DF6-DB38D051564A}.Release|Any CPU.ActiveCfg = Release|Any CPU
		{2BC80EB3-E046-4F6E-8DF6-DB38D051564A}.Release|Any CPU.Build.0 = Release|Any CPU
		{2BC80EB3-E046-4F6E-8DF6-DB38D051564A}.Release|x64.ActiveCfg = Release|Any CPU
		{2BC80EB3-E046-4F6E-8DF6-DB38D051564A}.Release|x64.Build.0 = Release|Any CPU
		{2BC80EB3-E046-4F6E-8DF6-DB38D051564A}.Release|x86.ActiveCfg = Release|Any CPU
		{2BC80EB3-E046-4F6E-8DF6-DB38D051564A}.Release|x86.Build.0 = Release|Any CPU
		{6FDAE392-321E-41C1-A020-3D708FA5E064}.Debug|Any CPU.ActiveCfg = Debug|Any CPU
		{6FDAE392-321E-41C1-A020-3D708FA5E064}.Debug|Any CPU.Build.0 = Debug|Any CPU
		{6FDAE392-321E-41C1-A020-3D708FA5E064}.Debug|x64.ActiveCfg = Debug|Any CPU
		{6FDAE392-321E-41C1-A020-3D708FA5E064}.Debug|x64.Build.0 = Debug|Any CPU
		{6FDAE392-321E-41C1-A020-3D708FA5E064}.Debug|x86.ActiveCfg = Debug|Any CPU
		{6FDAE392-321E-41C1-A020-3D708FA5E064}.Debug|x86.Build.0 = Debug|Any CPU
		{6FDAE392-321E-41C1-A020-3D708FA5E064}.Release|Any CPU.ActiveCfg = Release|Any CPU
		{6FDAE392-321E-41C1-A020-3D708FA5E064}.Release|Any CPU.Build.0 = Release|Any CPU
		{6FDAE392-321E-41C1-A020-3D708FA5E064}.Release|x64.ActiveCfg = Release|Any CPU
		{6FDAE392-321E-41C1-A020-3D708FA5E064}.Release|x64.Build.0 = Release|Any CPU
		{6FDAE392-321E-41C1-A020-3D708FA5E064}.Release|x86.ActiveCfg = Release|Any CPU
		{6FDAE392-321E-41C1-A020-3D708FA5E064}.Release|x86.Build.0 = Release|Any CPU
		{F1988A9E-FC45-4B5E-B91B-C21B3296C941}.Debug|Any CPU.ActiveCfg = Debug|Any CPU
		{F1988A9E-FC45-4B5E-B91B-C21B3296C941}.Debug|Any CPU.Build.0 = Debug|Any CPU
		{F1988A9E-FC45-4B5E-B91B-C21B3296C941}.Debug|x64.ActiveCfg = Debug|Any CPU
		{F1988A9E-FC45-4B5E-B91B-C21B3296C941}.Debug|x64.Build.0 = Debug|Any CPU
		{F1988A9E-FC45-4B5E-B91B-C21B3296C941}.Debug|x86.ActiveCfg = Debug|Any CPU
		{F1988A9E-FC45-4B5E-B91B-C21B3296C941}.Debug|x86.Build.0 = Debug|Any CPU
		{F1988A9E-FC45-4B5E-B91B-C21B3296C941}.Release|Any CPU.ActiveCfg = Release|Any CPU
		{F1988A9E-FC45-4B5E-B91B-C21B3296C941}.Release|Any CPU.Build.0 = Release|Any CPU
		{F1988A9E-FC45-4B5E-B91B-C21B3296C941}.Release|x64.ActiveCfg = Release|Any CPU
		{F1988A9E-FC45-4B5E-B91B-C21B3296C941}.Release|x64.Build.0 = Release|Any CPU
		{F1988A9E-FC45-4B5E-B91B-C21B3296C941}.Release|x86.ActiveCfg = Release|Any CPU
		{F1988A9E-FC45-4B5E-B91B-C21B3296C941}.Release|x86.Build.0 = Release|Any CPU
	EndGlobalSection
	GlobalSection(NestedProjects) = preSolution
		{C71462F6-4BCB-4AC0-919D-63A50F1112CE} = {1636E410-4438-4439-996B-BFA5968DA379}
		{C6F71717-AC95-452B-A395-3EC138E53E52} = {C71462F6-4BCB-4AC0-919D-63A50F1112CE}
		{214AB65B-59D7-4144-9079-449464DE7C2B} = {1636E410-4438-4439-996B-BFA5968DA379}
		{54A18B5D-31A1-4872-8691-4926BFAF1FB0} = {214AB65B-59D7-4144-9079-449464DE7C2B}
		{ABC1754A-1F67-4AB3-991F-C2621033BE70} = {1636E410-4438-4439-996B-BFA5968DA379}
		{279FCE11-39C7-48F7-8040-A4679C9E9A19} = {ABC1754A-1F67-4AB3-991F-C2621033BE70}
		{F08EC31F-893C-429F-97CC-B83A62E4CF96} = {1636E410-4438-4439-996B-BFA5968DA379}
		{1E0552EA-71C7-4321-8349-6527F7B36B48} = {F08EC31F-893C-429F-97CC-B83A62E4CF96}
		{A956B83E-AD3B-4C7E-89B4-EC0B42D303D6} = {1636E410-4438-4439-996B-BFA5968DA379}
		{6FDAE392-321E-41C1-A020-3D708FA5E064} = {A956B83E-AD3B-4C7E-89B4-EC0B42D303D6}
		{F1988A9E-FC45-4B5E-B91B-C21B3296C941} = {715DECC2-9326-4530-AFA6-284DCD513300}
	EndGlobalSection
EndGlobal
